
Microsoft Visual Studio Solution File, Format Version 12.00
# Visual Studio Version 16
VisualStudioVersion = 16.0.30225.117
MinimumVisualStudioVersion = 10.0.40219.1
Project("{FAE04EC0-301F-11D3-BF4B-00C04F79EFBC}") = "BankOfDotNet.WebAPI", "BankOfDotNet.WebAPI\BankOfDotNet.WebAPI.csproj", "{2A955E67-996F-40DA-8D33-7D102FE712AA}"
EndProject
Project("{FAE04EC0-301F-11D3-BF4B-00C04F79EFBC}") = "BankOfDotNetIdentitySvr", "BankOfDotNetIdentitySvr\BankOfDotNetIdentitySvr.csproj", "{184FEC14-1DB0-43A0-8C24-0AEAA3BCCBE9}"
EndProject
Global
	GlobalSection(SolutionConfigurationPlatforms) = preSolution
		Debug|Any CPU = Debug|Any CPU
		Release|Any CPU = Release|Any CPU
	EndGlobalSection
	GlobalSection(ProjectConfigurationPlatforms) = postSolution
		{2A955E67-996F-40DA-8D33-7D102FE712AA}.Debug|Any CPU.ActiveCfg = Debug|Any CPU
		{2A955E67-996F-40DA-8D33-7D102FE712AA}.Debug|Any CPU.Build.0 = Debug|Any CPU
		{2A955E67-996F-40DA-8D33-7D102FE712AA}.Release|Any CPU.ActiveCfg = Release|Any CPU
		{2A955E67-996F-40DA-8D33-7D102FE712AA}.Release|Any CPU.Build.0 = Release|Any CPU
		{184FEC14-1DB0-43A0-8C24-0AEAA3BCCBE9}.Debug|Any CPU.ActiveCfg = Debug|Any CPU
		{184FEC14-1DB0-43A0-8C24-0AEAA3BCCBE9}.Debug|Any CPU.Build.0 = Debug|Any CPU
		{184FEC14-1DB0-43A0-8C24-0AEAA3BCCBE9}.Release|Any CPU.ActiveCfg = Release|Any CPU
		{184FEC14-1DB0-43A0-8C24-0AEAA3BCCBE9}.Release|Any CPU.Build.0 = Release|Any CPU
	EndGlobalSection
	GlobalSection(SolutionProperties) = preSolution
		HideSolutionNode = FALSE
	EndGlobalSection
	GlobalSection(ExtensibilityGlobals) = postSolution
		SolutionGuid = {D71E519E-E762-4E1B-A3F7-B638E7E30F9E}
	EndGlobalSection
EndGlobal
